
Microsoft Visual Studio Solution File, Format Version 12.00
# Visual Studio 15
Project("{FAE04EC0-301F-11D3-BF4B-00C04F79EFBC}") = "ExamTemplateAsp", "Laborator9\ExamTemplateAsp.csproj", "{943040DF-4BD1-462E-8138-980802B0E211}"
EndProject
Project("{FAE04EC0-301F-11D3-BF4B-00C04F79EFBC}") = "ExamTemplateAsp.Tests", "Laborator9.Tests\ExamTemplateAsp.Tests.csproj", "{8C5AA052-7573-4A5A-8C81-C37AB570E633}"
EndProject
Global
	GlobalSection(SolutionConfigurationPlatforms) = preSolution
		Debug|Any CPU = Debug|Any CPU
		Release|Any CPU = Release|Any CPU
	EndGlobalSection
	GlobalSection(ProjectConfigurationPlatforms) = postSolution
		{943040DF-4BD1-462E-8138-980802B0E211}.Debug|Any CPU.ActiveCfg = Debug|Any CPU
		{943040DF-4BD1-462E-8138-980802B0E211}.Debug|Any CPU.Build.0 = Debug|Any CPU
		{943040DF-4BD1-462E-8138-980802B0E211}.Release|Any CPU.ActiveCfg = Release|Any CPU
		{943040DF-4BD1-462E-8138-980802B0E211}.Release|Any CPU.Build.0 = Release|Any CPU
		{8C5AA052-7573-4A5A-8C81-C37AB570E633}.Debug|Any CPU.ActiveCfg = Debug|Any CPU
		{8C5AA052-7573-4A5A-8C81-C37AB570E633}.Debug|Any CPU.Build.0 = Debug|Any CPU
		{8C5AA052-7573-4A5A-8C81-C37AB570E633}.Release|Any CPU.ActiveCfg = Release|Any CPU
		{8C5AA052-7573-4A5A-8C81-C37AB570E633}.Release|Any CPU.Build.0 = Release|Any CPU
	EndGlobalSection
EndGlobal
