
Microsoft Visual Studio Solution File, Format Version 12.00
Project("{FAE04EC0-301F-11D3-BF4B-00C04F79EFBC}") = "AuthorsDocumentsMovies", "AuthorsDocumentsMovies\AuthorsDocumentsMovies.csproj", "{ACB541B7-BA4A-4435-969C-89E5DD8A5228}"
EndProject
Global
	GlobalSection(SolutionConfigurationPlatforms) = preSolution
		Debug|Any CPU = Debug|Any CPU
		Release|Any CPU = Release|Any CPU
	EndGlobalSection
	GlobalSection(ProjectConfigurationPlatforms) = postSolution
		{ACB541B7-BA4A-4435-969C-89E5DD8A5228}.Debug|Any CPU.ActiveCfg = Debug|Any CPU
		{ACB541B7-BA4A-4435-969C-89E5DD8A5228}.Debug|Any CPU.Build.0 = Debug|Any CPU
		{ACB541B7-BA4A-4435-969C-89E5DD8A5228}.Release|Any CPU.ActiveCfg = Release|Any CPU
		{ACB541B7-BA4A-4435-969C-89E5DD8A5228}.Release|Any CPU.Build.0 = Release|Any CPU
	EndGlobalSection
EndGlobal
