
Microsoft Visual Studio Solution File, Format Version 12.00
# Visual Studio Version 17
VisualStudioVersion = 17.9.34728.123
MinimumVisualStudioVersion = 10.0.40219.1
Project("{FAE04EC0-301F-11D3-BF4B-00C04F79EFBC}") = "FutureAndContinuation", "FutureAndContinuation.csproj", "{558616AA-889F-4A1E-942C-3C53EBC379C2}"
EndProject
Global
	GlobalSection(SolutionConfigurationPlatforms) = preSolution
		Debug|Any CPU = Debug|Any CPU
		Release|Any CPU = Release|Any CPU
	EndGlobalSection
	GlobalSection(ProjectConfigurationPlatforms) = postSolution
		{558616AA-889F-4A1E-942C-3C53EBC379C2}.Debug|Any CPU.ActiveCfg = Debug|Any CPU
		{558616AA-889F-4A1E-942C-3C53EBC379C2}.Debug|Any CPU.Build.0 = Debug|Any CPU
		{558616AA-889F-4A1E-942C-3C53EBC379C2}.Release|Any CPU.ActiveCfg = Release|Any CPU
		{558616AA-889F-4A1E-942C-3C53EBC379C2}.Release|Any CPU.Build.0 = Release|Any CPU
	EndGlobalSection
	GlobalSection(SolutionProperties) = preSolution
		HideSolutionNode = FALSE
	EndGlobalSection
	GlobalSection(ExtensibilityGlobals) = postSolution
		SolutionGuid = {E7DE19F9-8340-4108-9D64-29A3F72BFF7D}
	EndGlobalSection
EndGlobal
